
Microsoft Visual Studio Solution File, Format Version 12.00
# Visual Studio Version 17
VisualStudioVersion = 17.3.32901.215
MinimumVisualStudioVersion = 10.0.40219.1
Project("{FAE04EC0-301F-11D3-BF4B-00C04F79EFBC}") = "Bolum1Uygulama2", "Bolum1Uygulama2\Bolum1Uygulama2.csproj", "{F1D13EDE-F724-46C8-8FBB-97DEBB0E2A16}"
EndProject
Global
	GlobalSection(SolutionConfigurationPlatforms) = preSolution
		Debug|Any CPU = Debug|Any CPU
		Release|Any CPU = Release|Any CPU
	EndGlobalSection
	GlobalSection(ProjectConfigurationPlatforms) = postSolution
		{F1D13EDE-F724-46C8-8FBB-97DEBB0E2A16}.Debug|Any CPU.ActiveCfg = Debug|Any CPU
		{F1D13EDE-F724-46C8-8FBB-97DEBB0E2A16}.Debug|Any CPU.Build.0 = Debug|Any CPU
		{F1D13EDE-F724-46C8-8FBB-97DEBB0E2A16}.Release|Any CPU.ActiveCfg = Release|Any CPU
		{F1D13EDE-F724-46C8-8FBB-97DEBB0E2A16}.Release|Any CPU.Build.0 = Release|Any CPU
	EndGlobalSection
	GlobalSection(SolutionProperties) = preSolution
		HideSolutionNode = FALSE
	EndGlobalSection
	GlobalSection(ExtensibilityGlobals) = postSolution
		SolutionGuid = {D4921ECF-3E18-4ED6-ADA4-A5B3BF44EC99}
	EndGlobalSection
EndGlobal
